
Microsoft Visual Studio Solution File, Format Version 12.00
# Visual Studio Version 17
VisualStudioVersion = 17.2.32516.85
MinimumVisualStudioVersion = 10.0.40219.1
Project("{2150E333-8FDC-42A3-9474-1A3956D46DE8}") = "src", "src", "{9E19ACB3-0C79-4488-981E-6A3373159F4D}"
EndProject
Project("{2150E333-8FDC-42A3-9474-1A3956D46DE8}") = "testes", "testes", "{25AB1D7D-4CFE-420F-9C74-5BC4401B333E}"
EndProject
Project("{9A19103F-16F7-4668-BE54-9A1E7A4F7556}") = "FastTech.Domain", "src\FastTech.Domain\FastTech.Domain.csproj", "{7700E228-6BA7-4EB1-8C60-676D4F10D645}"
EndProject
Project("{9A19103F-16F7-4668-BE54-9A1E7A4F7556}") = "FastTech.Aplication", "src\FastTech.Business\FastTech.Aplication.csproj", "{20D1301E-BFDC-483C-B311-16F9C6CEFB5E}"
EndProject
Project("{9A19103F-16F7-4668-BE54-9A1E7A4F7556}") = "FastTech.Infrastructure", "src\FastTech.Infrastructure\FastTech.Infrastructure.csproj", "{37323BCE-5840-4A77-9132-FAAE887A72FC}"
EndProject
Project("{9A19103F-16F7-4668-BE54-9A1E7A4F7556}") = "FastTech.WEB", "src\FastTech.WEB\FastTech.WEB.csproj", "{361B5752-95D3-491D-BA8F-230E50484FD6}"
EndProject
Project("{FAE04EC0-301F-11D3-BF4B-00C04F79EFBC}") = "FastTech.Core", "FastTech.Core\FastTech.Core.csproj", "{F32F0838-9A4E-4323-9C69-211874646497}"
EndProject
Global
	GlobalSection(SolutionConfigurationPlatforms) = preSolution
		Debug|Any CPU = Debug|Any CPU
		Release|Any CPU = Release|Any CPU
	EndGlobalSection
	GlobalSection(ProjectConfigurationPlatforms) = postSolution
		{7700E228-6BA7-4EB1-8C60-676D4F10D645}.Debug|Any CPU.ActiveCfg = Debug|Any CPU
		{7700E228-6BA7-4EB1-8C60-676D4F10D645}.Debug|Any CPU.Build.0 = Debug|Any CPU
		{7700E228-6BA7-4EB1-8C60-676D4F10D645}.Release|Any CPU.ActiveCfg = Release|Any CPU
		{7700E228-6BA7-4EB1-8C60-676D4F10D645}.Release|Any CPU.Build.0 = Release|Any CPU
		{20D1301E-BFDC-483C-B311-16F9C6CEFB5E}.Debug|Any CPU.ActiveCfg = Debug|Any CPU
		{20D1301E-BFDC-483C-B311-16F9C6CEFB5E}.Debug|Any CPU.Build.0 = Debug|Any CPU
		{20D1301E-BFDC-483C-B311-16F9C6CEFB5E}.Release|Any CPU.ActiveCfg = Release|Any CPU
		{20D1301E-BFDC-483C-B311-16F9C6CEFB5E}.Release|Any CPU.Build.0 = Release|Any CPU
		{37323BCE-5840-4A77-9132-FAAE887A72FC}.Debug|Any CPU.ActiveCfg = Debug|Any CPU
		{37323BCE-5840-4A77-9132-FAAE887A72FC}.Debug|Any CPU.Build.0 = Debug|Any CPU
		{37323BCE-5840-4A77-9132-FAAE887A72FC}.Release|Any CPU.ActiveCfg = Release|Any CPU
		{37323BCE-5840-4A77-9132-FAAE887A72FC}.Release|Any CPU.Build.0 = Release|Any CPU
		{361B5752-95D3-491D-BA8F-230E50484FD6}.Debug|Any CPU.ActiveCfg = Debug|Any CPU
		{361B5752-95D3-491D-BA8F-230E50484FD6}.Debug|Any CPU.Build.0 = Debug|Any CPU
		{361B5752-95D3-491D-BA8F-230E50484FD6}.Release|Any CPU.ActiveCfg = Release|Any CPU
		{361B5752-95D3-491D-BA8F-230E50484FD6}.Release|Any CPU.Build.0 = Release|Any CPU
		{F32F0838-9A4E-4323-9C69-211874646497}.Debug|Any CPU.ActiveCfg = Debug|Any CPU
		{F32F0838-9A4E-4323-9C69-211874646497}.Debug|Any CPU.Build.0 = Debug|Any CPU
		{F32F0838-9A4E-4323-9C69-211874646497}.Release|Any CPU.ActiveCfg = Release|Any CPU
		{F32F0838-9A4E-4323-9C69-211874646497}.Release|Any CPU.Build.0 = Release|Any CPU
	EndGlobalSection
	GlobalSection(SolutionProperties) = preSolution
		HideSolutionNode = FALSE
	EndGlobalSection
	GlobalSection(NestedProjects) = preSolution
		{7700E228-6BA7-4EB1-8C60-676D4F10D645} = {9E19ACB3-0C79-4488-981E-6A3373159F4D}
		{20D1301E-BFDC-483C-B311-16F9C6CEFB5E} = {9E19ACB3-0C79-4488-981E-6A3373159F4D}
		{37323BCE-5840-4A77-9132-FAAE887A72FC} = {9E19ACB3-0C79-4488-981E-6A3373159F4D}
		{361B5752-95D3-491D-BA8F-230E50484FD6} = {9E19ACB3-0C79-4488-981E-6A3373159F4D}
		{F32F0838-9A4E-4323-9C69-211874646497} = {9E19ACB3-0C79-4488-981E-6A3373159F4D}
	EndGlobalSection
	GlobalSection(ExtensibilityGlobals) = postSolution
		SolutionGuid = {7F0C2A8E-8BAA-4ADD-BF82-49B9038D3695}
	EndGlobalSection
EndGlobal
